
Microsoft Visual Studio Solution File, Format Version 12.00
# Visual Studio Version 17
VisualStudioVersion = 17.8.34322.80
MinimumVisualStudioVersion = 10.0.40219.1
Project("{FAE04EC0-301F-11D3-BF4B-00C04F79EFBC}") = "LambdaAuthorizers", "LambdaAuthorizers\LambdaAuthorizers.csproj", "{8FBB9E06-9252-40B8-BB4D-2DD637BD0EA0}"
EndProject
Global
	GlobalSection(SolutionConfigurationPlatforms) = preSolution
		Debug|Any CPU = Debug|Any CPU
		Release|Any CPU = Release|Any CPU
	EndGlobalSection
	GlobalSection(ProjectConfigurationPlatforms) = postSolution
		{8FBB9E06-9252-40B8-BB4D-2DD637BD0EA0}.Debug|Any CPU.ActiveCfg = Debug|Any CPU
		{8FBB9E06-9252-40B8-BB4D-2DD637BD0EA0}.Debug|Any CPU.Build.0 = Debug|Any CPU
		{8FBB9E06-9252-40B8-BB4D-2DD637BD0EA0}.Release|Any CPU.ActiveCfg = Release|Any CPU
		{8FBB9E06-9252-40B8-BB4D-2DD637BD0EA0}.Release|Any CPU.Build.0 = Release|Any CPU
	EndGlobalSection
	GlobalSection(SolutionProperties) = preSolution
		HideSolutionNode = FALSE
	EndGlobalSection
	GlobalSection(ExtensibilityGlobals) = postSolution
		SolutionGuid = {DCA44387-7170-422A-BA90-CEAB99999100}
	EndGlobalSection
EndGlobal
